// !$*UTF8*$!
{
	archiveVersion = 1;
	classes = {
	};
	objectVersion = 56;
	objects = {

/* Begin PBXBuildFile section */
		14A19C672A111F5600ADE058 /* GoogleSignInSwift in Frameworks */ = {isa = PBXBuildFile; productRef = 14A19C662A111F5600ADE058 /* GoogleSignInSwift */; };
		14A19C692A112BE600ADE058 /* LoginViewModel.swift in Sources */ = {isa = PBXBuildFile; fileRef = 14A19C682A112BE600ADE058 /* LoginViewModel.swift */; };
		14A19C6F2A11561400ADE058 /* GoogleService-Info.plist in Resources */ = {isa = PBXBuildFile; fileRef = 14A19C6E2A11561400ADE058 /* GoogleService-Info.plist */; };
		14A9DFA22A116798008D19AE /* AppRouter.swift in Sources */ = {isa = PBXBuildFile; fileRef = 14A9DFA12A116798008D19AE /* AppRouter.swift */; };
		14A9DFA42A116806008D19AE /* AppRouterContract.swift in Sources */ = {isa = PBXBuildFile; fileRef = 14A9DFA32A116806008D19AE /* AppRouterContract.swift */; };
		14AB3C8E2A159B4E00B9D305 /* AddButton.swift in Sources */ = {isa = PBXBuildFile; fileRef = 14AB3C8D2A159B4E00B9D305 /* AddButton.swift */; };
		14B217BC2A116C8B0068DF9B /* HomeFactory.swift in Sources */ = {isa = PBXBuildFile; fileRef = 14B217BB2A116C8B0068DF9B /* HomeFactory.swift */; };
		14B217BE2A116CC50068DF9B /* HomeViewController.swift in Sources */ = {isa = PBXBuildFile; fileRef = 14B217BD2A116CC50068DF9B /* HomeViewController.swift */; };
		14B217C02A116D640068DF9B /* HomeCoordinator.swift in Sources */ = {isa = PBXBuildFile; fileRef = 14B217BF2A116D640068DF9B /* HomeCoordinator.swift */; };
		14B217C22A116FA10068DF9B /* HomeViewModel.swift in Sources */ = {isa = PBXBuildFile; fileRef = 14B217C12A116FA10068DF9B /* HomeViewModel.swift */; };
		14B217C72A1177260068DF9B /* LoginCoordinator.swift in Sources */ = {isa = PBXBuildFile; fileRef = 14B217C62A1177260068DF9B /* LoginCoordinator.swift */; };
		14B217C92A1177390068DF9B /* LoginFactory.swift in Sources */ = {isa = PBXBuildFile; fileRef = 14B217C82A1177390068DF9B /* LoginFactory.swift */; };
		14B217CC2A119D4A0068DF9B /* WorkOutTableViewCell.swift in Sources */ = {isa = PBXBuildFile; fileRef = 14B217CB2A119D4A0068DF9B /* WorkOutTableViewCell.swift */; };
		14B83AB72A107434004AECF2 /* AppDelegate.swift in Sources */ = {isa = PBXBuildFile; fileRef = 14B83AB62A107434004AECF2 /* AppDelegate.swift */; };
		14B83AB92A107434004AECF2 /* SceneDelegate.swift in Sources */ = {isa = PBXBuildFile; fileRef = 14B83AB82A107434004AECF2 /* SceneDelegate.swift */; };
		14B83ABB2A107434004AECF2 /* LoginViewController.swift in Sources */ = {isa = PBXBuildFile; fileRef = 14B83ABA2A107434004AECF2 /* LoginViewController.swift */; };
		14B83AC12A107434004AECF2 /* GymIF.xcdatamodeld in Sources */ = {isa = PBXBuildFile; fileRef = 14B83ABF2A107434004AECF2 /* GymIF.xcdatamodeld */; };
		14B83AC32A107435004AECF2 /* Assets.xcassets in Resources */ = {isa = PBXBuildFile; fileRef = 14B83AC22A107435004AECF2 /* Assets.xcassets */; };
		14B83AC62A107435004AECF2 /* LaunchScreen.storyboard in Resources */ = {isa = PBXBuildFile; fileRef = 14B83AC42A107435004AECF2 /* LaunchScreen.storyboard */; };
		14B83ACF2A1075B0004AECF2 /* TinyConstraints in Frameworks */ = {isa = PBXBuildFile; productRef = 14B83ACE2A1075B0004AECF2 /* TinyConstraints */; };
		14B83AD42A107EB6004AECF2 /* FirebaseAnalytics in Frameworks */ = {isa = PBXBuildFile; productRef = 14B83AD32A107EB6004AECF2 /* FirebaseAnalytics */; };
		14B83AD62A107EB6004AECF2 /* FirebaseAnalyticsSwift in Frameworks */ = {isa = PBXBuildFile; productRef = 14B83AD52A107EB6004AECF2 /* FirebaseAnalyticsSwift */; };
		14B83AD82A107EB6004AECF2 /* FirebaseAuth in Frameworks */ = {isa = PBXBuildFile; productRef = 14B83AD72A107EB6004AECF2 /* FirebaseAuth */; };
		14B83ADA2A107EB6004AECF2 /* FirebaseCrashlytics in Frameworks */ = {isa = PBXBuildFile; productRef = 14B83AD92A107EB6004AECF2 /* FirebaseCrashlytics */; };
		14B83ADC2A107EB6004AECF2 /* FirebaseFirestore in Frameworks */ = {isa = PBXBuildFile; productRef = 14B83ADB2A107EB6004AECF2 /* FirebaseFirestore */; };
		14B83ADE2A107EB6004AECF2 /* FirebaseStorage in Frameworks */ = {isa = PBXBuildFile; productRef = 14B83ADD2A107EB6004AECF2 /* FirebaseStorage */; };
		14B83AE22A1087FB004AECF2 /* TextField+Extensions.swift in Sources */ = {isa = PBXBuildFile; fileRef = 14B83AE12A1087FB004AECF2 /* TextField+Extensions.swift */; };
		14B83AE42A108A56004AECF2 /* UIViewController+Extensions.swift in Sources */ = {isa = PBXBuildFile; fileRef = 14B83AE32A108A56004AECF2 /* UIViewController+Extensions.swift */; };
		14BF19052A15A95500F3EF41 /* WorkoutForm.swift in Sources */ = {isa = PBXBuildFile; fileRef = 14BF19042A15A95500F3EF41 /* WorkoutForm.swift */; };
		14BF19072A15A97200F3EF41 /* ExerciseForm.swift in Sources */ = {isa = PBXBuildFile; fileRef = 14BF19062A15A97200F3EF41 /* ExerciseForm.swift */; };
		14BF190B2A15AEE200F3EF41 /* WorkoutFactory.swift in Sources */ = {isa = PBXBuildFile; fileRef = 14BF190A2A15AEE200F3EF41 /* WorkoutFactory.swift */; };
		14BF190D2A15AEF200F3EF41 /* WorkoutCoordinator.swift in Sources */ = {isa = PBXBuildFile; fileRef = 14BF190C2A15AEF200F3EF41 /* WorkoutCoordinator.swift */; };
		14BF190F2A15B2C300F3EF41 /* WorkOutViewModel.swift in Sources */ = {isa = PBXBuildFile; fileRef = 14BF190E2A15B2C300F3EF41 /* WorkOutViewModel.swift */; };
		14BF19122A15DDAC00F3EF41 /* CoreDataManager.swift in Sources */ = {isa = PBXBuildFile; fileRef = 14BF19112A15DDAC00F3EF41 /* CoreDataManager.swift */; };
/* End PBXBuildFile section */

/* Begin PBXFileReference section */
		14A19C682A112BE600ADE058 /* LoginViewModel.swift */ = {isa = PBXFileReference; lastKnownFileType = sourcecode.swift; path = LoginViewModel.swift; sourceTree = "<group>"; };
		14A19C6E2A11561400ADE058 /* GoogleService-Info.plist */ = {isa = PBXFileReference; fileEncoding = 4; lastKnownFileType = text.plist.xml; path = "GoogleService-Info.plist"; sourceTree = "<group>"; };
		14A9DFA12A116798008D19AE /* AppRouter.swift */ = {isa = PBXFileReference; lastKnownFileType = sourcecode.swift; path = AppRouter.swift; sourceTree = "<group>"; };
		14A9DFA32A116806008D19AE /* AppRouterContract.swift */ = {isa = PBXFileReference; lastKnownFileType = sourcecode.swift; path = AppRouterContract.swift; sourceTree = "<group>"; };
		14AB3C8D2A159B4E00B9D305 /* AddButton.swift */ = {isa = PBXFileReference; lastKnownFileType = sourcecode.swift; path = AddButton.swift; sourceTree = "<group>"; };
		14B217BB2A116C8B0068DF9B /* HomeFactory.swift */ = {isa = PBXFileReference; lastKnownFileType = sourcecode.swift; path = HomeFactory.swift; sourceTree = "<group>"; };
		14B217BD2A116CC50068DF9B /* HomeViewController.swift */ = {isa = PBXFileReference; lastKnownFileType = sourcecode.swift; path = HomeViewController.swift; sourceTree = "<group>"; };
		14B217BF2A116D640068DF9B /* HomeCoordinator.swift */ = {isa = PBXFileReference; lastKnownFileType = sourcecode.swift; path = HomeCoordinator.swift; sourceTree = "<group>"; };
		14B217C12A116FA10068DF9B /* HomeViewModel.swift */ = {isa = PBXFileReference; lastKnownFileType = sourcecode.swift; path = HomeViewModel.swift; sourceTree = "<group>"; };
		14B217C62A1177260068DF9B /* LoginCoordinator.swift */ = {isa = PBXFileReference; lastKnownFileType = sourcecode.swift; path = LoginCoordinator.swift; sourceTree = "<group>"; };
		14B217C82A1177390068DF9B /* LoginFactory.swift */ = {isa = PBXFileReference; lastKnownFileType = sourcecode.swift; path = LoginFactory.swift; sourceTree = "<group>"; };
		14B217CB2A119D4A0068DF9B /* WorkOutTableViewCell.swift */ = {isa = PBXFileReference; lastKnownFileType = sourcecode.swift; path = WorkOutTableViewCell.swift; sourceTree = "<group>"; };
		14B83AB32A107434004AECF2 /* GymIF.app */ = {isa = PBXFileReference; explicitFileType = wrapper.application; includeInIndex = 0; path = GymIF.app; sourceTree = BUILT_PRODUCTS_DIR; };
		14B83AB62A107434004AECF2 /* AppDelegate.swift */ = {isa = PBXFileReference; lastKnownFileType = sourcecode.swift; path = AppDelegate.swift; sourceTree = "<group>"; };
		14B83AB82A107434004AECF2 /* SceneDelegate.swift */ = {isa = PBXFileReference; lastKnownFileType = sourcecode.swift; path = SceneDelegate.swift; sourceTree = "<group>"; };
		14B83ABA2A107434004AECF2 /* LoginViewController.swift */ = {isa = PBXFileReference; lastKnownFileType = sourcecode.swift; path = LoginViewController.swift; sourceTree = "<group>"; };
		14B83AC02A107434004AECF2 /* GymIF.xcdatamodel */ = {isa = PBXFileReference; lastKnownFileType = wrapper.xcdatamodel; path = GymIF.xcdatamodel; sourceTree = "<group>"; };
		14B83AC22A107435004AECF2 /* Assets.xcassets */ = {isa = PBXFileReference; lastKnownFileType = folder.assetcatalog; path = Assets.xcassets; sourceTree = "<group>"; };
		14B83AC52A107435004AECF2 /* Base */ = {isa = PBXFileReference; lastKnownFileType = file.storyboard; name = Base; path = Base.lproj/LaunchScreen.storyboard; sourceTree = "<group>"; };
		14B83AC72A107435004AECF2 /* Info.plist */ = {isa = PBXFileReference; lastKnownFileType = text.plist.xml; path = Info.plist; sourceTree = "<group>"; };
		14B83AE12A1087FB004AECF2 /* TextField+Extensions.swift */ = {isa = PBXFileReference; lastKnownFileType = sourcecode.swift; path = "TextField+Extensions.swift"; sourceTree = "<group>"; };
		14B83AE32A108A56004AECF2 /* UIViewController+Extensions.swift */ = {isa = PBXFileReference; lastKnownFileType = sourcecode.swift; path = "UIViewController+Extensions.swift"; sourceTree = "<group>"; };
		14BF19042A15A95500F3EF41 /* WorkoutForm.swift */ = {isa = PBXFileReference; lastKnownFileType = sourcecode.swift; path = WorkoutForm.swift; sourceTree = "<group>"; };
		14BF19062A15A97200F3EF41 /* ExerciseForm.swift */ = {isa = PBXFileReference; lastKnownFileType = sourcecode.swift; path = ExerciseForm.swift; sourceTree = "<group>"; };
		14BF190A2A15AEE200F3EF41 /* WorkoutFactory.swift */ = {isa = PBXFileReference; lastKnownFileType = sourcecode.swift; path = WorkoutFactory.swift; sourceTree = "<group>"; };
		14BF190C2A15AEF200F3EF41 /* WorkoutCoordinator.swift */ = {isa = PBXFileReference; lastKnownFileType = sourcecode.swift; path = WorkoutCoordinator.swift; sourceTree = "<group>"; };
		14BF190E2A15B2C300F3EF41 /* WorkOutViewModel.swift */ = {isa = PBXFileReference; lastKnownFileType = sourcecode.swift; path = WorkOutViewModel.swift; sourceTree = "<group>"; };
		14BF19112A15DDAC00F3EF41 /* CoreDataManager.swift */ = {isa = PBXFileReference; lastKnownFileType = sourcecode.swift; path = CoreDataManager.swift; sourceTree = "<group>"; };
/* End PBXFileReference section */

/* Begin PBXFrameworksBuildPhase section */
		14B83AB02A107434004AECF2 /* Frameworks */ = {
			isa = PBXFrameworksBuildPhase;
			buildActionMask = 2147483647;
			files = (
				14B83AD62A107EB6004AECF2 /* FirebaseAnalyticsSwift in Frameworks */,
				14B83AD42A107EB6004AECF2 /* FirebaseAnalytics in Frameworks */,
				14B83ADA2A107EB6004AECF2 /* FirebaseCrashlytics in Frameworks */,
				14A19C672A111F5600ADE058 /* GoogleSignInSwift in Frameworks */,
				14B83ACF2A1075B0004AECF2 /* TinyConstraints in Frameworks */,
				14B83ADE2A107EB6004AECF2 /* FirebaseStorage in Frameworks */,
				14B83AD82A107EB6004AECF2 /* FirebaseAuth in Frameworks */,
				14B83ADC2A107EB6004AECF2 /* FirebaseFirestore in Frameworks */,
			);
			runOnlyForDeploymentPostprocessing = 0;
		};
/* End PBXFrameworksBuildPhase section */

/* Begin PBXGroup section */
		14A9DF9B2A115F55008D19AE /* Scenes */ = {
			isa = PBXGroup;
			children = (
				14B83AC42A107435004AECF2 /* LaunchScreen.storyboard */,
			);
			path = Scenes;
			sourceTree = "<group>";
		};
		14A9DF9C2A115F63008D19AE /* LoginUI */ = {
			isa = PBXGroup;
			children = (
				14B217C82A1177390068DF9B /* LoginFactory.swift */,
				14B217C62A1177260068DF9B /* LoginCoordinator.swift */,
				14A9DF9E2A115FAD008D19AE /* ViewModel */,
				14A9DF9D2A115F96008D19AE /* ViewController */,
			);
			path = LoginUI;
			sourceTree = "<group>";
		};
		14A9DF9D2A115F96008D19AE /* ViewController */ = {
			isa = PBXGroup;
			children = (
				14B83ABA2A107434004AECF2 /* LoginViewController.swift */,
			);
			path = ViewController;
			sourceTree = "<group>";
		};
		14A9DF9E2A115FAD008D19AE /* ViewModel */ = {
			isa = PBXGroup;
			children = (
				14A19C682A112BE600ADE058 /* LoginViewModel.swift */,
			);
			path = ViewModel;
			sourceTree = "<group>";
		};
		14A9DF9F2A115FDA008D19AE /* UIExtensions */ = {
			isa = PBXGroup;
			children = (
				14B83AE32A108A56004AECF2 /* UIViewController+Extensions.swift */,
				14B83AE12A1087FB004AECF2 /* TextField+Extensions.swift */,
			);
			path = UIExtensions;
			sourceTree = "<group>";
		};
		14A9DFA02A116789008D19AE /* Coordinator */ = {
			isa = PBXGroup;
			children = (
				14A9DFA32A116806008D19AE /* AppRouterContract.swift */,
				14A9DFA12A116798008D19AE /* AppRouter.swift */,
			);
			path = Coordinator;
			sourceTree = "<group>";
		};
		14AB3C8C2A159B3A00B9D305 /* Views */ = {
			isa = PBXGroup;
			children = (
				14AB3C8D2A159B4E00B9D305 /* AddButton.swift */,
				14BF19042A15A95500F3EF41 /* WorkoutForm.swift */,
				14BF19062A15A97200F3EF41 /* ExerciseForm.swift */,
				14B217CA2A119D2C0068DF9B /* Cells */,
			);
			path = Views;
			sourceTree = "<group>";
		};
		14B217BA2A116C770068DF9B /* HomeUI */ = {
			isa = PBXGroup;
			children = (
				14B217BB2A116C8B0068DF9B /* HomeFactory.swift */,
				14B217BF2A116D640068DF9B /* HomeCoordinator.swift */,
				14BF190A2A15AEE200F3EF41 /* WorkoutFactory.swift */,
				14BF190C2A15AEF200F3EF41 /* WorkoutCoordinator.swift */,
				14B217C32A116FBD0068DF9B /* ViewController */,
				14B217C52A116FD90068DF9B /* ViewModel */,
			);
			path = HomeUI;
			sourceTree = "<group>";
		};
		14B217C32A116FBD0068DF9B /* ViewController */ = {
			isa = PBXGroup;
			children = (
				14B217BD2A116CC50068DF9B /* HomeViewController.swift */,
				14AB3C8C2A159B3A00B9D305 /* Views */,
			);
			path = ViewController;
			sourceTree = "<group>";
		};
		14B217C52A116FD90068DF9B /* ViewModel */ = {
			isa = PBXGroup;
			children = (
				14B217C12A116FA10068DF9B /* HomeViewModel.swift */,
				14BF190E2A15B2C300F3EF41 /* WorkOutViewModel.swift */,
			);
			path = ViewModel;
			sourceTree = "<group>";
		};
		14B217CA2A119D2C0068DF9B /* Cells */ = {
			isa = PBXGroup;
			children = (
				14B217CB2A119D4A0068DF9B /* WorkOutTableViewCell.swift */,
			);
			path = Cells;
			sourceTree = "<group>";
		};
		14B83AAA2A107434004AECF2 = {
			isa = PBXGroup;
			children = (
				14B83AB52A107434004AECF2 /* GymIF */,
				14B83AB42A107434004AECF2 /* Products */,
			);
			sourceTree = "<group>";
		};
		14B83AB42A107434004AECF2 /* Products */ = {
			isa = PBXGroup;
			children = (
				14B83AB32A107434004AECF2 /* GymIF.app */,
			);
			name = Products;
			sourceTree = "<group>";
		};
		14B83AB52A107434004AECF2 /* GymIF */ = {
			isa = PBXGroup;
			children = (
				14B217BA2A116C770068DF9B /* HomeUI */,
				14A9DF9C2A115F63008D19AE /* LoginUI */,
				14B83AC22A107435004AECF2 /* Assets.xcassets */,
				14B83AB62A107434004AECF2 /* AppDelegate.swift */,
				14B83AB82A107434004AECF2 /* SceneDelegate.swift */,
				14A9DFA02A116789008D19AE /* Coordinator */,
				14BF19102A15DD9A00F3EF41 /* CoreData */,
				14A9DF9F2A115FDA008D19AE /* UIExtensions */,
				14A9DF9B2A115F55008D19AE /* Scenes */,
				14B83AC72A107435004AECF2 /* Info.plist */,
				14A19C6E2A11561400ADE058 /* GoogleService-Info.plist */,
				14B83ABF2A107434004AECF2 /* GymIF.xcdatamodeld */,
			);
			path = GymIF;
			sourceTree = "<group>";
		};
		14BF19102A15DD9A00F3EF41 /* CoreData */ = {
			isa = PBXGroup;
			children = (
				14BF19112A15DDAC00F3EF41 /* CoreDataManager.swift */,
			);
			path = CoreData;
			sourceTree = "<group>";
		};
/* End PBXGroup section */

/* Begin PBXNativeTarget section */
		14B83AB22A107434004AECF2 /* GymIF */ = {
			isa = PBXNativeTarget;
			buildConfigurationList = 14B83ACA2A107435004AECF2 /* Build configuration list for PBXNativeTarget "GymIF" */;
			buildPhases = (
				14B83AAF2A107434004AECF2 /* Sources */,
				14B83AB02A107434004AECF2 /* Frameworks */,
				14B83AB12A107434004AECF2 /* Resources */,
			);
			buildRules = (
			);
			dependencies = (
			);
			name = GymIF;
			packageProductDependencies = (
				14B83ACE2A1075B0004AECF2 /* TinyConstraints */,
				14B83AD32A107EB6004AECF2 /* FirebaseAnalytics */,
				14B83AD52A107EB6004AECF2 /* FirebaseAnalyticsSwift */,
				14B83AD72A107EB6004AECF2 /* FirebaseAuth */,
				14B83AD92A107EB6004AECF2 /* FirebaseCrashlytics */,
				14B83ADB2A107EB6004AECF2 /* FirebaseFirestore */,
				14B83ADD2A107EB6004AECF2 /* FirebaseStorage */,
				14A19C662A111F5600ADE058 /* GoogleSignInSwift */,
			);
			productName = GymIF;
			productReference = 14B83AB32A107434004AECF2 /* GymIF.app */;
			productType = "com.apple.product-type.application";
		};
/* End PBXNativeTarget section */

/* Begin PBXProject section */
		14B83AAB2A107434004AECF2 /* Project object */ = {
			isa = PBXProject;
			attributes = {
				BuildIndependentTargetsInParallel = 1;
				LastSwiftUpdateCheck = 1430;
				LastUpgradeCheck = 1430;
				TargetAttributes = {
					14B83AB22A107434004AECF2 = {
						CreatedOnToolsVersion = 14.3;
					};
				};
			};
			buildConfigurationList = 14B83AAE2A107434004AECF2 /* Build configuration list for PBXProject "GymIF" */;
			compatibilityVersion = "Xcode 14.0";
			developmentRegion = en;
			hasScannedForEncodings = 0;
			knownRegions = (
				en,
				Base,
			);
			mainGroup = 14B83AAA2A107434004AECF2;
			packageReferences = (
				14B83ACD2A1075B0004AECF2 /* XCRemoteSwiftPackageReference "TinyConstraints" */,
				14B83AD22A107EB6004AECF2 /* XCRemoteSwiftPackageReference "firebase-ios-sdk" */,
				14A19C652A111F5600ADE058 /* XCRemoteSwiftPackageReference "GoogleSignIn-iOS" */,
			);
			productRefGroup = 14B83AB42A107434004AECF2 /* Products */;
			projectDirPath = "";
			projectRoot = "";
			targets = (
				14B83AB22A107434004AECF2 /* GymIF */,
			);
		};
/* End PBXProject section */

/* Begin PBXResourcesBuildPhase section */
		14B83AB12A107434004AECF2 /* Resources */ = {
			isa = PBXResourcesBuildPhase;
			buildActionMask = 2147483647;
			files = (
				14B83AC62A107435004AECF2 /* LaunchScreen.storyboard in Resources */,
				14B83AC32A107435004AECF2 /* Assets.xcassets in Resources */,
				14A19C6F2A11561400ADE058 /* GoogleService-Info.plist in Resources */,
			);
			runOnlyForDeploymentPostprocessing = 0;
		};
/* End PBXResourcesBuildPhase section */

/* Begin PBXSourcesBuildPhase section */
		14B83AAF2A107434004AECF2 /* Sources */ = {
			isa = PBXSourcesBuildPhase;
			buildActionMask = 2147483647;
			files = (
				14BF190F2A15B2C300F3EF41 /* WorkOutViewModel.swift in Sources */,
				14BF190D2A15AEF200F3EF41 /* WorkoutCoordinator.swift in Sources */,
				14B83ABB2A107434004AECF2 /* LoginViewController.swift in Sources */,
				14B217BC2A116C8B0068DF9B /* HomeFactory.swift in Sources */,
				14B217C72A1177260068DF9B /* LoginCoordinator.swift in Sources */,
				14B217CC2A119D4A0068DF9B /* WorkOutTableViewCell.swift in Sources */,
				14B83AB72A107434004AECF2 /* AppDelegate.swift in Sources */,
				14B83AC12A107434004AECF2 /* GymIF.xcdatamodeld in Sources */,
				14BF19122A15DDAC00F3EF41 /* CoreDataManager.swift in Sources */,
				14B83AB92A107434004AECF2 /* SceneDelegate.swift in Sources */,
				14B217C02A116D640068DF9B /* HomeCoordinator.swift in Sources */,
				14A9DFA22A116798008D19AE /* AppRouter.swift in Sources */,
				14BF19072A15A97200F3EF41 /* ExerciseForm.swift in Sources */,
				14BF19052A15A95500F3EF41 /* WorkoutForm.swift in Sources */,
				14B83AE42A108A56004AECF2 /* UIViewController+Extensions.swift in Sources */,
				14B217C22A116FA10068DF9B /* HomeViewModel.swift in Sources */,
				14B217BE2A116CC50068DF9B /* HomeViewController.swift in Sources */,
				14AB3C8E2A159B4E00B9D305 /* AddButton.swift in Sources */,
				14B83AE22A1087FB004AECF2 /* TextField+Extensions.swift in Sources */,
				14A9DFA42A116806008D19AE /* AppRouterContract.swift in Sources */,
				14A19C692A112BE600ADE058 /* LoginViewModel.swift in Sources */,
				14BF190B2A15AEE200F3EF41 /* WorkoutFactory.swift in Sources */,
				14B217C92A1177390068DF9B /* LoginFactory.swift in Sources */,
			);
			runOnlyForDeploymentPostprocessing = 0;
		};
/* End PBXSourcesBuildPhase section */

/* Begin PBXVariantGroup section */
		14B83AC42A107435004AECF2 /* LaunchScreen.storyboard */ = {
			isa = PBXVariantGroup;
			children = (
				14B83AC52A107435004AECF2 /* Base */,
			);
			name = LaunchScreen.storyboard;
			sourceTree = "<group>";
		};
/* End PBXVariantGroup section */

/* Begin XCBuildConfiguration section */
		14B83AC82A107435004AECF2 /* Debug */ = {
			isa = XCBuildConfiguration;
			buildSettings = {
				ALWAYS_SEARCH_USER_PATHS = NO;
				CLANG_ANALYZER_NONNULL = YES;
				CLANG_ANALYZER_NUMBER_OBJECT_CONVERSION = YES_AGGRESSIVE;
				CLANG_CXX_LANGUAGE_STANDARD = "gnu++20";
				CLANG_ENABLE_MODULES = YES;
				CLANG_ENABLE_OBJC_ARC = YES;
				CLANG_ENABLE_OBJC_WEAK = YES;
				CLANG_WARN_BLOCK_CAPTURE_AUTORELEASING = YES;
				CLANG_WARN_BOOL_CONVERSION = YES;
				CLANG_WARN_COMMA = YES;
				CLANG_WARN_CONSTANT_CONVERSION = YES;
				CLANG_WARN_DEPRECATED_OBJC_IMPLEMENTATIONS = YES;
				CLANG_WARN_DIRECT_OBJC_ISA_USAGE = YES_ERROR;
				CLANG_WARN_DOCUMENTATION_COMMENTS = YES;
				CLANG_WARN_EMPTY_BODY = YES;
				CLANG_WARN_ENUM_CONVERSION = YES;
				CLANG_WARN_INFINITE_RECURSION = YES;
				CLANG_WARN_INT_CONVERSION = YES;
				CLANG_WARN_NON_LITERAL_NULL_CONVERSION = YES;
				CLANG_WARN_OBJC_IMPLICIT_RETAIN_SELF = YES;
				CLANG_WARN_OBJC_LITERAL_CONVERSION = YES;
				CLANG_WARN_OBJC_ROOT_CLASS = YES_ERROR;
				CLANG_WARN_QUOTED_INCLUDE_IN_FRAMEWORK_HEADER = YES;
				CLANG_WARN_RANGE_LOOP_ANALYSIS = YES;
				CLANG_WARN_STRICT_PROTOTYPES = YES;
				CLANG_WARN_SUSPICIOUS_MOVE = YES;
				CLANG_WARN_UNGUARDED_AVAILABILITY = YES_AGGRESSIVE;
				CLANG_WARN_UNREACHABLE_CODE = YES;
				CLANG_WARN__DUPLICATE_METHOD_MATCH = YES;
				COPY_PHASE_STRIP = NO;
				DEBUG_INFORMATION_FORMAT = dwarf;
				ENABLE_STRICT_OBJC_MSGSEND = YES;
				ENABLE_TESTABILITY = YES;
				GCC_C_LANGUAGE_STANDARD = gnu11;
				GCC_DYNAMIC_NO_PIC = NO;
				GCC_NO_COMMON_BLOCKS = YES;
				GCC_OPTIMIZATION_LEVEL = 0;
				GCC_PREPROCESSOR_DEFINITIONS = (
					"DEBUG=1",
					"$(inherited)",
				);
				GCC_WARN_64_TO_32_BIT_CONVERSION = YES;
				GCC_WARN_ABOUT_RETURN_TYPE = YES_ERROR;
				GCC_WARN_UNDECLARED_SELECTOR = YES;
				GCC_WARN_UNINITIALIZED_AUTOS = YES_AGGRESSIVE;
				GCC_WARN_UNUSED_FUNCTION = YES;
				GCC_WARN_UNUSED_VARIABLE = YES;
				IPHONEOS_DEPLOYMENT_TARGET = 16.4;
				MTL_ENABLE_DEBUG_INFO = INCLUDE_SOURCE;
				MTL_FAST_MATH = YES;
				ONLY_ACTIVE_ARCH = YES;
				SDKROOT = iphoneos;
				SWIFT_ACTIVE_COMPILATION_CONDITIONS = DEBUG;
				SWIFT_OPTIMIZATION_LEVEL = "-Onone";
			};
			name = Debug;
		};
		14B83AC92A107435004AECF2 /* Release */ = {
			isa = XCBuildConfiguration;
			buildSettings = {
				ALWAYS_SEARCH_USER_PATHS = NO;
				CLANG_ANALYZER_NONNULL = YES;
				CLANG_ANALYZER_NUMBER_OBJECT_CONVERSION = YES_AGGRESSIVE;
				CLANG_CXX_LANGUAGE_STANDARD = "gnu++20";
				CLANG_ENABLE_MODULES = YES;
				CLANG_ENABLE_OBJC_ARC = YES;
				CLANG_ENABLE_OBJC_WEAK = YES;
				CLANG_WARN_BLOCK_CAPTURE_AUTORELEASING = YES;
				CLANG_WARN_BOOL_CONVERSION = YES;
				CLANG_WARN_COMMA = YES;
				CLANG_WARN_CONSTANT_CONVERSION = YES;
				CLANG_WARN_DEPRECATED_OBJC_IMPLEMENTATIONS = YES;
				CLANG_WARN_DIRECT_OBJC_ISA_USAGE = YES_ERROR;
				CLANG_WARN_DOCUMENTATION_COMMENTS = YES;
				CLANG_WARN_EMPTY_BODY = YES;
				CLANG_WARN_ENUM_CONVERSION = YES;
				CLANG_WARN_INFINITE_RECURSION = YES;
				CLANG_WARN_INT_CONVERSION = YES;
				CLANG_WARN_NON_LITERAL_NULL_CONVERSION = YES;
				CLANG_WARN_OBJC_IMPLICIT_RETAIN_SELF = YES;
				CLANG_WARN_OBJC_LITERAL_CONVERSION = YES;
				CLANG_WARN_OBJC_ROOT_CLASS = YES_ERROR;
				CLANG_WARN_QUOTED_INCLUDE_IN_FRAMEWORK_HEADER = YES;
				CLANG_WARN_RANGE_LOOP_ANALYSIS = YES;
				CLANG_WARN_STRICT_PROTOTYPES = YES;
				CLANG_WARN_SUSPICIOUS_MOVE = YES;
				CLANG_WARN_UNGUARDED_AVAILABILITY = YES_AGGRESSIVE;
				CLANG_WARN_UNREACHABLE_CODE = YES;
				CLANG_WARN__DUPLICATE_METHOD_MATCH = YES;
				COPY_PHASE_STRIP = NO;
				DEBUG_INFORMATION_FORMAT = "dwarf-with-dsym";
				ENABLE_NS_ASSERTIONS = NO;
				ENABLE_STRICT_OBJC_MSGSEND = YES;
				GCC_C_LANGUAGE_STANDARD = gnu11;
				GCC_NO_COMMON_BLOCKS = YES;
				GCC_WARN_64_TO_32_BIT_CONVERSION = YES;
				GCC_WARN_ABOUT_RETURN_TYPE = YES_ERROR;
				GCC_WARN_UNDECLARED_SELECTOR = YES;
				GCC_WARN_UNINITIALIZED_AUTOS = YES_AGGRESSIVE;
				GCC_WARN_UNUSED_FUNCTION = YES;
				GCC_WARN_UNUSED_VARIABLE = YES;
				IPHONEOS_DEPLOYMENT_TARGET = 16.4;
				MTL_ENABLE_DEBUG_INFO = NO;
				MTL_FAST_MATH = YES;
				SDKROOT = iphoneos;
				SWIFT_COMPILATION_MODE = wholemodule;
				SWIFT_OPTIMIZATION_LEVEL = "-O";
				VALIDATE_PRODUCT = YES;
			};
			name = Release;
		};
		14B83ACB2A107435004AECF2 /* Debug */ = {
			isa = XCBuildConfiguration;
			buildSettings = {
				ASSETCATALOG_COMPILER_APPICON_NAME = AppIcon;
				ASSETCATALOG_COMPILER_GLOBAL_ACCENT_COLOR_NAME = AccentColor;
				CODE_SIGN_STYLE = Automatic;
				CURRENT_PROJECT_VERSION = 1;
				DEVELOPMENT_TEAM = WDD8N4CRD3;
				GENERATE_INFOPLIST_FILE = YES;
				INFOPLIST_FILE = GymIF/Info.plist;
				INFOPLIST_KEY_UIApplicationSupportsIndirectInputEvents = YES;
				INFOPLIST_KEY_UILaunchStoryboardName = LaunchScreen;
				INFOPLIST_KEY_UISupportedInterfaceOrientations = UIInterfaceOrientationPortrait;
				INFOPLIST_KEY_UISupportedInterfaceOrientations_iPad = "UIInterfaceOrientationLandscapeLeft UIInterfaceOrientationLandscapeRight UIInterfaceOrientationPortrait UIInterfaceOrientationPortraitUpsideDown";
				LD_RUNPATH_SEARCH_PATHS = (
					"$(inherited)",
					"@executable_path/Frameworks",
				);
				MARKETING_VERSION = 1.0;
				PRODUCT_BUNDLE_IDENTIFIER = com.ianfagundes.GymIF;
				PRODUCT_NAME = "$(TARGET_NAME)";
				SUPPORTED_PLATFORMS = "iphoneos iphonesimulator";
				SUPPORTS_MACCATALYST = NO;
				SUPPORTS_MAC_DESIGNED_FOR_IPHONE_IPAD = NO;
				SWIFT_EMIT_LOC_STRINGS = YES;
				SWIFT_VERSION = 5.0;
				TARGETED_DEVICE_FAMILY = 1;
			};
			name = Debug;
		};
		14B83ACC2A107435004AECF2 /* Release */ = {
			isa = XCBuildConfiguration;
			buildSettings = {
				ASSETCATALOG_COMPILER_APPICON_NAME = AppIcon;
				ASSETCATALOG_COMPILER_GLOBAL_ACCENT_COLOR_NAME = AccentColor;
				CODE_SIGN_STYLE = Automatic;
				CURRENT_PROJECT_VERSION = 1;
				DEVELOPMENT_TEAM = WDD8N4CRD3;
				GENERATE_INFOPLIST_FILE = YES;
				INFOPLIST_FILE = GymIF/Info.plist;
				INFOPLIST_KEY_UIApplicationSupportsIndirectInputEvents = YES;
				INFOPLIST_KEY_UILaunchStoryboardName = LaunchScreen;
				INFOPLIST_KEY_UISupportedInterfaceOrientations = UIInterfaceOrientationPortrait;
				INFOPLIST_KEY_UISupportedInterfaceOrientations_iPad = "UIInterfaceOrientationLandscapeLeft UIInterfaceOrientationLandscapeRight UIInterfaceOrientationPortrait UIInterfaceOrientationPortraitUpsideDown";
				LD_RUNPATH_SEARCH_PATHS = (
					"$(inherited)",
					"@executable_path/Frameworks",
				);
				MARKETING_VERSION = 1.0;
				PRODUCT_BUNDLE_IDENTIFIER = com.ianfagundes.GymIF;
				PRODUCT_NAME = "$(TARGET_NAME)";
				SUPPORTED_PLATFORMS = "iphoneos iphonesimulator";
				SUPPORTS_MACCATALYST = NO;
				SUPPORTS_MAC_DESIGNED_FOR_IPHONE_IPAD = NO;
				SWIFT_EMIT_LOC_STRINGS = YES;
				SWIFT_VERSION = 5.0;
				TARGETED_DEVICE_FAMILY = 1;
			};
			name = Release;
		};
/* End XCBuildConfiguration section */

/* Begin XCConfigurationList section */
		14B83AAE2A107434004AECF2 /* Build configuration list for PBXProject "GymIF" */ = {
			isa = XCConfigurationList;
			buildConfigurations = (
				14B83AC82A107435004AECF2 /* Debug */,
				14B83AC92A107435004AECF2 /* Release */,
			);
			defaultConfigurationIsVisible = 0;
			defaultConfigurationName = Release;
		};
		14B83ACA2A107435004AECF2 /* Build configuration list for PBXNativeTarget "GymIF" */ = {
			isa = XCConfigurationList;
			buildConfigurations = (
				14B83ACB2A107435004AECF2 /* Debug */,
				14B83ACC2A107435004AECF2 /* Release */,
			);
			defaultConfigurationIsVisible = 0;
			defaultConfigurationName = Release;
		};
/* End XCConfigurationList section */

/* Begin XCRemoteSwiftPackageReference section */
		14A19C652A111F5600ADE058 /* XCRemoteSwiftPackageReference "GoogleSignIn-iOS" */ = {
			isa = XCRemoteSwiftPackageReference;
			repositoryURL = "https://github.com/google/GoogleSignIn-iOS";
			requirement = {
				kind = upToNextMajorVersion;
				minimumVersion = 7.0.0;
			};
		};
		14B83ACD2A1075B0004AECF2 /* XCRemoteSwiftPackageReference "TinyConstraints" */ = {
			isa = XCRemoteSwiftPackageReference;
			repositoryURL = "https://github.com/roberthein/TinyConstraints.git";
			requirement = {
				kind = upToNextMajorVersion;
				minimumVersion = 4.0.0;
			};
		};
		14B83AD22A107EB6004AECF2 /* XCRemoteSwiftPackageReference "firebase-ios-sdk" */ = {
			isa = XCRemoteSwiftPackageReference;
			repositoryURL = "https://github.com/firebase/firebase-ios-sdk";
			requirement = {
				kind = upToNextMajorVersion;
				minimumVersion = 10.0.0;
			};
		};
/* End XCRemoteSwiftPackageReference section */

/* Begin XCSwiftPackageProductDependency section */
		14A19C662A111F5600ADE058 /* GoogleSignInSwift */ = {
			isa = XCSwiftPackageProductDependency;
			package = 14A19C652A111F5600ADE058 /* XCRemoteSwiftPackageReference "GoogleSignIn-iOS" */;
			productName = GoogleSignInSwift;
		};
		14B83ACE2A1075B0004AECF2 /* TinyConstraints */ = {
			isa = XCSwiftPackageProductDependency;
			package = 14B83ACD2A1075B0004AECF2 /* XCRemoteSwiftPackageReference "TinyConstraints" */;
			productName = TinyConstraints;
		};
		14B83AD32A107EB6004AECF2 /* FirebaseAnalytics */ = {
			isa = XCSwiftPackageProductDependency;
			package = 14B83AD22A107EB6004AECF2 /* XCRemoteSwiftPackageReference "firebase-ios-sdk" */;
			productName = FirebaseAnalytics;
		};
		14B83AD52A107EB6004AECF2 /* FirebaseAnalyticsSwift */ = {
			isa = XCSwiftPackageProductDependency;
			package = 14B83AD22A107EB6004AECF2 /* XCRemoteSwiftPackageReference "firebase-ios-sdk" */;
			productName = FirebaseAnalyticsSwift;
		};
		14B83AD72A107EB6004AECF2 /* FirebaseAuth */ = {
			isa = XCSwiftPackageProductDependency;
			package = 14B83AD22A107EB6004AECF2 /* XCRemoteSwiftPackageReference "firebase-ios-sdk" */;
			productName = FirebaseAuth;
		};
		14B83AD92A107EB6004AECF2 /* FirebaseCrashlytics */ = {
			isa = XCSwiftPackageProductDependency;
			package = 14B83AD22A107EB6004AECF2 /* XCRemoteSwiftPackageReference "firebase-ios-sdk" */;
			productName = FirebaseCrashlytics;
		};
		14B83ADB2A107EB6004AECF2 /* FirebaseFirestore */ = {
			isa = XCSwiftPackageProductDependency;
			package = 14B83AD22A107EB6004AECF2 /* XCRemoteSwiftPackageReference "firebase-ios-sdk" */;
			productName = FirebaseFirestore;
		};
		14B83ADD2A107EB6004AECF2 /* FirebaseStorage */ = {
			isa = XCSwiftPackageProductDependency;
			package = 14B83AD22A107EB6004AECF2 /* XCRemoteSwiftPackageReference "firebase-ios-sdk" */;
			productName = FirebaseStorage;
		};
/* End XCSwiftPackageProductDependency section */

/* Begin XCVersionGroup section */
		14B83ABF2A107434004AECF2 /* GymIF.xcdatamodeld */ = {
			isa = XCVersionGroup;
			children = (
				14B83AC02A107434004AECF2 /* GymIF.xcdatamodel */,
			);
			currentVersion = 14B83AC02A107434004AECF2 /* GymIF.xcdatamodel */;
			path = GymIF.xcdatamodeld;
			sourceTree = "<group>";
			versionGroupType = wrapper.xcdatamodel;
		};
/* End XCVersionGroup section */
	};
	rootObject = 14B83AAB2A107434004AECF2 /* Project object */;
}
